
Microsoft Visual Studio Solution File, Format Version 12.00
# Visual Studio Version 16
VisualStudioVersion = 16.0.31729.503
MinimumVisualStudioVersion = 10.0.40219.1
Project("{8BC9CEB8-8B4A-11D0-8D11-00A0C91BC942}") = "matplotapp", "matplotapp.vcxproj", "{3EE12CFC-6F4F-480E-A912-FF2108E6B810}"
	ProjectSection(ProjectDependencies) = postProject
		{6896D312-E703-474B-A435-1688B8BC2CA3} = {6896D312-E703-474B-A435-1688B8BC2CA3}
		{8938317D-EF14-32C9-9A0F-27BB301DE304} = {8938317D-EF14-32C9-9A0F-27BB301DE304}
	EndProjectSection
EndProject
Project("{8BC9CEB8-8B4A-11D0-8D11-00A0C91BC942}") = "matplot", "..\..\matplotplusplus\build\source\matplot\matplot.vcxproj", "{8938317D-EF14-32C9-9A0F-27BB301DE304}"
EndProject
Project("{8BC9CEB8-8B4A-11D0-8D11-00A0C91BC942}") = "MatPlotGL", "..\..\mak\MatPlotTest.vcxproj", "{6896D312-E703-474B-A435-1688B8BC2CA3}"
	ProjectSection(ProjectDependencies) = postProject
		{8938317D-EF14-32C9-9A0F-27BB301DE304} = {8938317D-EF14-32C9-9A0F-27BB301DE304}
	EndProjectSection
EndProject
Global
	GlobalSection(SolutionConfigurationPlatforms) = preSolution
		Debug|x64 = Debug|x64
		Debug|x86 = Debug|x86
		DebugLib|x64 = DebugLib|x64
		DebugLib|x86 = DebugLib|x86
		MinSizeRel|x64 = MinSizeRel|x64
		MinSizeRel|x86 = MinSizeRel|x86
		Release|x64 = Release|x64
		Release|x86 = Release|x86
		ReleaseLib|x64 = ReleaseLib|x64
		ReleaseLib|x86 = ReleaseLib|x86
		RelWithDebInfo|x64 = RelWithDebInfo|x64
		RelWithDebInfo|x86 = RelWithDebInfo|x86
	EndGlobalSection
	GlobalSection(ProjectConfigurationPlatforms) = postSolution
		{3EE12CFC-6F4F-480E-A912-FF2108E6B810}.Debug|x64.ActiveCfg = Debug|x64
		{3EE12CFC-6F4F-480E-A912-FF2108E6B810}.Debug|x64.Build.0 = Debug|x64
		{3EE12CFC-6F4F-480E-A912-FF2108E6B810}.Debug|x86.ActiveCfg = Debug|x64
		{3EE12CFC-6F4F-480E-A912-FF2108E6B810}.DebugLib|x64.ActiveCfg = Debug|x64
		{3EE12CFC-6F4F-480E-A912-FF2108E6B810}.DebugLib|x64.Build.0 = Debug|x64
		{3EE12CFC-6F4F-480E-A912-FF2108E6B810}.DebugLib|x86.ActiveCfg = Release|x64
		{3EE12CFC-6F4F-480E-A912-FF2108E6B810}.DebugLib|x86.Build.0 = Release|x64
		{3EE12CFC-6F4F-480E-A912-FF2108E6B810}.MinSizeRel|x64.ActiveCfg = Release|x64
		{3EE12CFC-6F4F-480E-A912-FF2108E6B810}.MinSizeRel|x64.Build.0 = Release|x64
		{3EE12CFC-6F4F-480E-A912-FF2108E6B810}.MinSizeRel|x86.ActiveCfg = Release|x64
		{3EE12CFC-6F4F-480E-A912-FF2108E6B810}.MinSizeRel|x86.Build.0 = Release|x64
		{3EE12CFC-6F4F-480E-A912-FF2108E6B810}.Release|x64.ActiveCfg = Release|x64
		{3EE12CFC-6F4F-480E-A912-FF2108E6B810}.Release|x64.Build.0 = Release|x64
		{3EE12CFC-6F4F-480E-A912-FF2108E6B810}.Release|x86.ActiveCfg = Release|x64
		{3EE12CFC-6F4F-480E-A912-FF2108E6B810}.ReleaseLib|x64.ActiveCfg = Release|x64
		{3EE12CFC-6F4F-480E-A912-FF2108E6B810}.ReleaseLib|x64.Build.0 = Release|x64
		{3EE12CFC-6F4F-480E-A912-FF2108E6B810}.ReleaseLib|x86.ActiveCfg = Release|x64
		{3EE12CFC-6F4F-480E-A912-FF2108E6B810}.ReleaseLib|x86.Build.0 = Release|x64
		{3EE12CFC-6F4F-480E-A912-FF2108E6B810}.RelWithDebInfo|x64.ActiveCfg = Release|x64
		{3EE12CFC-6F4F-480E-A912-FF2108E6B810}.RelWithDebInfo|x64.Build.0 = Release|x64
		{3EE12CFC-6F4F-480E-A912-FF2108E6B810}.RelWithDebInfo|x86.ActiveCfg = Release|x64
		{3EE12CFC-6F4F-480E-A912-FF2108E6B810}.RelWithDebInfo|x86.Build.0 = Release|x64
		{8938317D-EF14-32C9-9A0F-27BB301DE304}.Debug|x64.ActiveCfg = Debug|x64
		{8938317D-EF14-32C9-9A0F-27BB301DE304}.Debug|x64.Build.0 = Debug|x64
		{8938317D-EF14-32C9-9A0F-27BB301DE304}.Debug|x86.ActiveCfg = Debug|x64
		{8938317D-EF14-32C9-9A0F-27BB301DE304}.DebugLib|x64.ActiveCfg = Debug|x64
		{8938317D-EF14-32C9-9A0F-27BB301DE304}.DebugLib|x64.Build.0 = Debug|x64
		{8938317D-EF14-32C9-9A0F-27BB301DE304}.DebugLib|x86.ActiveCfg = RelWithDebInfo|x64
		{8938317D-EF14-32C9-9A0F-27BB301DE304}.DebugLib|x86.Build.0 = RelWithDebInfo|x64
		{8938317D-EF14-32C9-9A0F-27BB301DE304}.MinSizeRel|x64.ActiveCfg = MinSizeRel|x64
		{8938317D-EF14-32C9-9A0F-27BB301DE304}.MinSizeRel|x64.Build.0 = MinSizeRel|x64
		{8938317D-EF14-32C9-9A0F-27BB301DE304}.MinSizeRel|x86.ActiveCfg = MinSizeRel|x64
		{8938317D-EF14-32C9-9A0F-27BB301DE304}.Release|x64.ActiveCfg = Release|x64
		{8938317D-EF14-32C9-9A0F-27BB301DE304}.Release|x64.Build.0 = Release|x64
		{8938317D-EF14-32C9-9A0F-27BB301DE304}.Release|x86.ActiveCfg = Release|x64
		{8938317D-EF14-32C9-9A0F-27BB301DE304}.ReleaseLib|x64.ActiveCfg = Release|x64
		{8938317D-EF14-32C9-9A0F-27BB301DE304}.ReleaseLib|x64.Build.0 = Release|x64
		{8938317D-EF14-32C9-9A0F-27BB301DE304}.ReleaseLib|x86.ActiveCfg = RelWithDebInfo|x64
		{8938317D-EF14-32C9-9A0F-27BB301DE304}.ReleaseLib|x86.Build.0 = RelWithDebInfo|x64
		{8938317D-EF14-32C9-9A0F-27BB301DE304}.RelWithDebInfo|x64.ActiveCfg = RelWithDebInfo|x64
		{8938317D-EF14-32C9-9A0F-27BB301DE304}.RelWithDebInfo|x64.Build.0 = RelWithDebInfo|x64
		{8938317D-EF14-32C9-9A0F-27BB301DE304}.RelWithDebInfo|x86.ActiveCfg = RelWithDebInfo|x64
		{6896D312-E703-474B-A435-1688B8BC2CA3}.Debug|x64.ActiveCfg = Debug|x64
		{6896D312-E703-474B-A435-1688B8BC2CA3}.Debug|x64.Build.0 = Debug|x64
		{6896D312-E703-474B-A435-1688B8BC2CA3}.Debug|x86.ActiveCfg = Debug|Win32
		{6896D312-E703-474B-A435-1688B8BC2CA3}.Debug|x86.Build.0 = Debug|Win32
		{6896D312-E703-474B-A435-1688B8BC2CA3}.DebugLib|x64.ActiveCfg = DebugLib|x64
		{6896D312-E703-474B-A435-1688B8BC2CA3}.DebugLib|x64.Build.0 = DebugLib|x64
		{6896D312-E703-474B-A435-1688B8BC2CA3}.DebugLib|x86.ActiveCfg = DebugLib|Win32
		{6896D312-E703-474B-A435-1688B8BC2CA3}.DebugLib|x86.Build.0 = DebugLib|Win32
		{6896D312-E703-474B-A435-1688B8BC2CA3}.MinSizeRel|x64.ActiveCfg = Debug|x64
		{6896D312-E703-474B-A435-1688B8BC2CA3}.MinSizeRel|x64.Build.0 = Debug|x64
		{6896D312-E703-474B-A435-1688B8BC2CA3}.MinSizeRel|x86.ActiveCfg = Debug|Win32
		{6896D312-E703-474B-A435-1688B8BC2CA3}.MinSizeRel|x86.Build.0 = Debug|Win32
		{6896D312-E703-474B-A435-1688B8BC2CA3}.Release|x64.ActiveCfg = Release|x64
		{6896D312-E703-474B-A435-1688B8BC2CA3}.Release|x64.Build.0 = Release|x64
		{6896D312-E703-474B-A435-1688B8BC2CA3}.Release|x86.ActiveCfg = Release|Win32
		{6896D312-E703-474B-A435-1688B8BC2CA3}.Release|x86.Build.0 = Release|Win32
		{6896D312-E703-474B-A435-1688B8BC2CA3}.ReleaseLib|x64.ActiveCfg = ReleaseLib|x64
		{6896D312-E703-474B-A435-1688B8BC2CA3}.ReleaseLib|x64.Build.0 = ReleaseLib|x64
		{6896D312-E703-474B-A435-1688B8BC2CA3}.ReleaseLib|x86.ActiveCfg = ReleaseLib|Win32
		{6896D312-E703-474B-A435-1688B8BC2CA3}.ReleaseLib|x86.Build.0 = ReleaseLib|Win32
		{6896D312-E703-474B-A435-1688B8BC2CA3}.RelWithDebInfo|x64.ActiveCfg = Release|x64
		{6896D312-E703-474B-A435-1688B8BC2CA3}.RelWithDebInfo|x64.Build.0 = Release|x64
		{6896D312-E703-474B-A435-1688B8BC2CA3}.RelWithDebInfo|x86.ActiveCfg = Release|Win32
		{6896D312-E703-474B-A435-1688B8BC2CA3}.RelWithDebInfo|x86.Build.0 = Release|Win32
	EndGlobalSection
	GlobalSection(SolutionProperties) = preSolution
		HideSolutionNode = FALSE
	EndGlobalSection
	GlobalSection(ExtensibilityGlobals) = postSolution
		SolutionGuid = {8A5DB59F-A046-4DA6-8FA1-3637916CDBAC}
	EndGlobalSection
EndGlobal
